// !$*UTF8*$!
{
	archiveVersion = 1;
	classes = {
	};
	objectVersion = 56;
	objects = {

/* Begin PBXBuildFile section */
		2CCB15052A30CDF80001A512 /* WWDC23App.swift in Sources */ = {isa = PBXBuildFile; fileRef = 2CCB15042A30CDF80001A512 /* WWDC23App.swift */; };
		2CCB15072A30CDF80001A512 /* SwiftDataContentView.swift in Sources */ = {isa = PBXBuildFile; fileRef = 2CCB15062A30CDF80001A512 /* SwiftDataContentView.swift */; };
		2CCB15092A30CDF90001A512 /* Assets.xcassets in Resources */ = {isa = PBXBuildFile; fileRef = 2CCB15082A30CDF90001A512 /* Assets.xcassets */; };
		2CCB150C2A30CDF90001A512 /* Preview Assets.xcassets in Resources */ = {isa = PBXBuildFile; fileRef = 2CCB150B2A30CDF90001A512 /* Preview Assets.xcassets */; };
		2CCB15172A30D5B30001A512 /* ScrollViewContentView.swift in Sources */ = {isa = PBXBuildFile; fileRef = 2CCB15162A30D5B30001A512 /* ScrollViewContentView.swift */; };
		2CCB151A2A30DE5F0001A512 /* ScrollViewTransitionContentView.swift in Sources */ = {isa = PBXBuildFile; fileRef = 2CCB15192A30DE5F0001A512 /* ScrollViewTransitionContentView.swift */; };
		2CCB151D2A30DFE90001A512 /* CustomTransitionContentView.swift in Sources */ = {isa = PBXBuildFile; fileRef = 2CCB151C2A30DFE90001A512 /* CustomTransitionContentView.swift */; };
		2CCB15202A30E3E80001A512 /* AnimationCallBackContentView.swift in Sources */ = {isa = PBXBuildFile; fileRef = 2CCB151F2A30E3E80001A512 /* AnimationCallBackContentView.swift */; };
		2CCB15222A30E6B20001A512 /* AnimateSymbolView.swift in Sources */ = {isa = PBXBuildFile; fileRef = 2CCB15212A30E6B20001A512 /* AnimateSymbolView.swift */; };
/* End PBXBuildFile section */

/* Begin PBXFileReference section */
		2CCB15012A30CDF80001A512 /* WWDC23.app */ = {isa = PBXFileReference; explicitFileType = wrapper.application; includeInIndex = 0; path = WWDC23.app; sourceTree = BUILT_PRODUCTS_DIR; };
		2CCB15042A30CDF80001A512 /* WWDC23App.swift */ = {isa = PBXFileReference; lastKnownFileType = sourcecode.swift; path = WWDC23App.swift; sourceTree = "<group>"; };
		2CCB15062A30CDF80001A512 /* SwiftDataContentView.swift */ = {isa = PBXFileReference; lastKnownFileType = sourcecode.swift; path = SwiftDataContentView.swift; sourceTree = "<group>"; };
		2CCB15082A30CDF90001A512 /* Assets.xcassets */ = {isa = PBXFileReference; lastKnownFileType = folder.assetcatalog; path = Assets.xcassets; sourceTree = "<group>"; };
		2CCB150B2A30CDF90001A512 /* Preview Assets.xcassets */ = {isa = PBXFileReference; lastKnownFileType = folder.assetcatalog; path = "Preview Assets.xcassets"; sourceTree = "<group>"; };
		2CCB15162A30D5B30001A512 /* ScrollViewContentView.swift */ = {isa = PBXFileReference; lastKnownFileType = sourcecode.swift; path = ScrollViewContentView.swift; sourceTree = "<group>"; };
		2CCB15192A30DE5F0001A512 /* ScrollViewTransitionContentView.swift */ = {isa = PBXFileReference; lastKnownFileType = sourcecode.swift; path = ScrollViewTransitionContentView.swift; sourceTree = "<group>"; };
		2CCB151C2A30DFE90001A512 /* CustomTransitionContentView.swift */ = {isa = PBXFileReference; lastKnownFileType = sourcecode.swift; path = CustomTransitionContentView.swift; sourceTree = "<group>"; };
		2CCB151F2A30E3E80001A512 /* AnimationCallBackContentView.swift */ = {isa = PBXFileReference; lastKnownFileType = sourcecode.swift; path = AnimationCallBackContentView.swift; sourceTree = "<group>"; };
		2CCB15212A30E6B20001A512 /* AnimateSymbolView.swift */ = {isa = PBXFileReference; lastKnownFileType = sourcecode.swift; path = AnimateSymbolView.swift; sourceTree = "<group>"; };
/* End PBXFileReference section */

/* Begin PBXFrameworksBuildPhase section */
		2CCB14FE2A30CDF80001A512 /* Frameworks */ = {
			isa = PBXFrameworksBuildPhase;
			buildActionMask = 2147483647;
			files = (
			);
			runOnlyForDeploymentPostprocessing = 0;
		};
/* End PBXFrameworksBuildPhase section */

/* Begin PBXGroup section */
		2CCB14F82A30CDF70001A512 = {
			isa = PBXGroup;
			children = (
				2CCB15032A30CDF80001A512 /* WWDC23 */,
				2CCB15022A30CDF80001A512 /* Products */,
			);
			sourceTree = "<group>";
		};
		2CCB15022A30CDF80001A512 /* Products */ = {
			isa = PBXGroup;
			children = (
				2CCB15012A30CDF80001A512 /* WWDC23.app */,
			);
			name = Products;
			sourceTree = "<group>";
		};
		2CCB15032A30CDF80001A512 /* WWDC23 */ = {
			isa = PBXGroup;
			children = (
				2CCB15042A30CDF80001A512 /* WWDC23App.swift */,
				2CCB151E2A30E3DA0001A512 /* AnimationCallBack */,
				2CCB151B2A30DFDB0001A512 /* CustomTransition */,
				2CCB15182A30DE4D0001A512 /* ScrollViewTransition */,
				2CCB15132A30D53A0001A512 /* ScrollView */,
				2CCB15122A30D52E0001A512 /* SwiftData */,
				2CCB15082A30CDF90001A512 /* Assets.xcassets */,
				2CCB150A2A30CDF90001A512 /* Preview Content */,
			);
			path = WWDC23;
			sourceTree = "<group>";
		};
		2CCB150A2A30CDF90001A512 /* Preview Content */ = {
			isa = PBXGroup;
			children = (
				2CCB150B2A30CDF90001A512 /* Preview Assets.xcassets */,
			);
			path = "Preview Content";
			sourceTree = "<group>";
		};
		2CCB15122A30D52E0001A512 /* SwiftData */ = {
			isa = PBXGroup;
			children = (
				2CCB15062A30CDF80001A512 /* SwiftDataContentView.swift */,
			);
			path = SwiftData;
			sourceTree = "<group>";
		};
		2CCB15132A30D53A0001A512 /* ScrollView */ = {
			isa = PBXGroup;
			children = (
				2CCB15162A30D5B30001A512 /* ScrollViewContentView.swift */,
			);
			path = ScrollView;
			sourceTree = "<group>";
		};
		2CCB15182A30DE4D0001A512 /* ScrollViewTransition */ = {
			isa = PBXGroup;
			children = (
				2CCB15192A30DE5F0001A512 /* ScrollViewTransitionContentView.swift */,
			);
			path = ScrollViewTransition;
			sourceTree = "<group>";
		};
		2CCB151B2A30DFDB0001A512 /* CustomTransition */ = {
			isa = PBXGroup;
			children = (
				2CCB151C2A30DFE90001A512 /* CustomTransitionContentView.swift */,
			);
			path = CustomTransition;
			sourceTree = "<group>";
		};
		2CCB151E2A30E3DA0001A512 /* AnimationCallBack */ = {
			isa = PBXGroup;
			children = (
				2CCB151F2A30E3E80001A512 /* AnimationCallBackContentView.swift */,
				2CCB15212A30E6B20001A512 /* AnimateSymbolView.swift */,
			);
			path = AnimationCallBack;
			sourceTree = "<group>";
		};
/* End PBXGroup section */

/* Begin PBXNativeTarget section */
		2CCB15002A30CDF80001A512 /* WWDC23 */ = {
			isa = PBXNativeTarget;
			buildConfigurationList = 2CCB150F2A30CDF90001A512 /* Build configuration list for PBXNativeTarget "WWDC23" */;
			buildPhases = (
				2CCB14FD2A30CDF80001A512 /* Sources */,
				2CCB14FE2A30CDF80001A512 /* Frameworks */,
				2CCB14FF2A30CDF80001A512 /* Resources */,
			);
			buildRules = (
			);
			dependencies = (
			);
			name = WWDC23;
			productName = WWDC23;
			productReference = 2CCB15012A30CDF80001A512 /* WWDC23.app */;
			productType = "com.apple.product-type.application";
		};
/* End PBXNativeTarget section */

/* Begin PBXProject section */
		2CCB14F92A30CDF70001A512 /* Project object */ = {
			isa = PBXProject;
			attributes = {
				BuildIndependentTargetsInParallel = 1;
				LastSwiftUpdateCheck = 1500;
				LastUpgradeCheck = 1500;
				TargetAttributes = {
					2CCB15002A30CDF80001A512 = {
						CreatedOnToolsVersion = 15.0;
					};
				};
			};
			buildConfigurationList = 2CCB14FC2A30CDF70001A512 /* Build configuration list for PBXProject "WWDC23" */;
			compatibilityVersion = "Xcode 14.0";
			developmentRegion = en;
			hasScannedForEncodings = 0;
			knownRegions = (
				en,
				Base,
			);
			mainGroup = 2CCB14F82A30CDF70001A512;
			productRefGroup = 2CCB15022A30CDF80001A512 /* Products */;
			projectDirPath = "";
			projectRoot = "";
			targets = (
				2CCB15002A30CDF80001A512 /* WWDC23 */,
			);
		};
/* End PBXProject section */

/* Begin PBXResourcesBuildPhase section */
		2CCB14FF2A30CDF80001A512 /* Resources */ = {
			isa = PBXResourcesBuildPhase;
			buildActionMask = 2147483647;
			files = (
				2CCB150C2A30CDF90001A512 /* Preview Assets.xcassets in Resources */,
				2CCB15092A30CDF90001A512 /* Assets.xcassets in Resources */,
			);
			runOnlyForDeploymentPostprocessing = 0;
		};
/* End PBXResourcesBuildPhase section */

/* Begin PBXSourcesBuildPhase section */
		2CCB14FD2A30CDF80001A512 /* Sources */ = {
			isa = PBXSourcesBuildPhase;
			buildActionMask = 2147483647;
			files = (
				2CCB15202A30E3E80001A512 /* AnimationCallBackContentView.swift in Sources */,
				2CCB151D2A30DFE90001A512 /* CustomTransitionContentView.swift in Sources */,
				2CCB15222A30E6B20001A512 /* AnimateSymbolView.swift in Sources */,
				2CCB15072A30CDF80001A512 /* SwiftDataContentView.swift in Sources */,
				2CCB15052A30CDF80001A512 /* WWDC23App.swift in Sources */,
				2CCB15172A30D5B30001A512 /* ScrollViewContentView.swift in Sources */,
				2CCB151A2A30DE5F0001A512 /* ScrollViewTransitionContentView.swift in Sources */,
			);
			runOnlyForDeploymentPostprocessing = 0;
		};
/* End PBXSourcesBuildPhase section */

/* Begin XCBuildConfiguration section */
		2CCB150D2A30CDF90001A512 /* Debug */ = {
			isa = XCBuildConfiguration;
			buildSettings = {
				ALWAYS_SEARCH_USER_PATHS = NO;
				ASSETCATALOG_COMPILER_GENERATE_SWIFT_ASSET_SYMBOL_EXTENSIONS = YES;
				CLANG_ANALYZER_NONNULL = YES;
				CLANG_ANALYZER_NUMBER_OBJECT_CONVERSION = YES_AGGRESSIVE;
				CLANG_CXX_LANGUAGE_STANDARD = "gnu++20";
				CLANG_ENABLE_MODULES = YES;
				CLANG_ENABLE_OBJC_ARC = YES;
				CLANG_ENABLE_OBJC_WEAK = YES;
				CLANG_WARN_BLOCK_CAPTURE_AUTORELEASING = YES;
				CLANG_WARN_BOOL_CONVERSION = YES;
				CLANG_WARN_COMMA = YES;
				CLANG_WARN_CONSTANT_CONVERSION = YES;
				CLANG_WARN_DEPRECATED_OBJC_IMPLEMENTATIONS = YES;
				CLANG_WARN_DIRECT_OBJC_ISA_USAGE = YES_ERROR;
				CLANG_WARN_DOCUMENTATION_COMMENTS = YES;
				CLANG_WARN_EMPTY_BODY = YES;
				CLANG_WARN_ENUM_CONVERSION = YES;
				CLANG_WARN_INFINITE_RECURSION = YES;
				CLANG_WARN_INT_CONVERSION = YES;
				CLANG_WARN_NON_LITERAL_NULL_CONVERSION = YES;
				CLANG_WARN_OBJC_IMPLICIT_RETAIN_SELF = YES;
				CLANG_WARN_OBJC_LITERAL_CONVERSION = YES;
				CLANG_WARN_OBJC_ROOT_CLASS = YES_ERROR;
				CLANG_WARN_QUOTED_INCLUDE_IN_FRAMEWORK_HEADER = YES;
				CLANG_WARN_RANGE_LOOP_ANALYSIS = YES;
				CLANG_WARN_STRICT_PROTOTYPES = YES;
				CLANG_WARN_SUSPICIOUS_MOVE = YES;
				CLANG_WARN_UNGUARDED_AVAILABILITY = YES_AGGRESSIVE;
				CLANG_WARN_UNREACHABLE_CODE = YES;
				CLANG_WARN__DUPLICATE_METHOD_MATCH = YES;
				COPY_PHASE_STRIP = NO;
				DEBUG_INFORMATION_FORMAT = dwarf;
				ENABLE_STRICT_OBJC_MSGSEND = YES;
				ENABLE_TESTABILITY = YES;
				ENABLE_USER_SCRIPT_SANDBOXING = YES;
				GCC_C_LANGUAGE_STANDARD = gnu17;
				GCC_DYNAMIC_NO_PIC = NO;
				GCC_NO_COMMON_BLOCKS = YES;
				GCC_OPTIMIZATION_LEVEL = 0;
				GCC_PREPROCESSOR_DEFINITIONS = (
					"DEBUG=1",
					"$(inherited)",
				);
				GCC_WARN_64_TO_32_BIT_CONVERSION = YES;
				GCC_WARN_ABOUT_RETURN_TYPE = YES_ERROR;
				GCC_WARN_UNDECLARED_SELECTOR = YES;
				GCC_WARN_UNINITIALIZED_AUTOS = YES_AGGRESSIVE;
				GCC_WARN_UNUSED_FUNCTION = YES;
				GCC_WARN_UNUSED_VARIABLE = YES;
				IPHONEOS_DEPLOYMENT_TARGET = 17.0;
				LOCALIZATION_PREFERS_STRING_CATALOGS = YES;
				MTL_ENABLE_DEBUG_INFO = INCLUDE_SOURCE;
				MTL_FAST_MATH = YES;
				ONLY_ACTIVE_ARCH = YES;
				SDKROOT = iphoneos;
				SWIFT_ACTIVE_COMPILATION_CONDITIONS = "DEBUG $(inherited)";
				SWIFT_OPTIMIZATION_LEVEL = "-Onone";
			};
			name = Debug;
		};
		2CCB150E2A30CDF90001A512 /* Release */ = {
			isa = XCBuildConfiguration;
			buildSettings = {
				ALWAYS_SEARCH_USER_PATHS = NO;
				ASSETCATALOG_COMPILER_GENERATE_SWIFT_ASSET_SYMBOL_EXTENSIONS = YES;
				CLANG_ANALYZER_NONNULL = YES;
				CLANG_ANALYZER_NUMBER_OBJECT_CONVERSION = YES_AGGRESSIVE;
				CLANG_CXX_LANGUAGE_STANDARD = "gnu++20";
				CLANG_ENABLE_MODULES = YES;
				CLANG_ENABLE_OBJC_ARC = YES;
				CLANG_ENABLE_OBJC_WEAK = YES;
				CLANG_WARN_BLOCK_CAPTURE_AUTORELEASING = YES;
				CLANG_WARN_BOOL_CONVERSION = YES;
				CLANG_WARN_COMMA = YES;
				CLANG_WARN_CONSTANT_CONVERSION = YES;
				CLANG_WARN_DEPRECATED_OBJC_IMPLEMENTATIONS = YES;
				CLANG_WARN_DIRECT_OBJC_ISA_USAGE = YES_ERROR;
				CLANG_WARN_DOCUMENTATION_COMMENTS = YES;
				CLANG_WARN_EMPTY_BODY = YES;
				CLANG_WARN_ENUM_CONVERSION = YES;
				CLANG_WARN_INFINITE_RECURSION = YES;
				CLANG_WARN_INT_CONVERSION = YES;
				CLANG_WARN_NON_LITERAL_NULL_CONVERSION = YES;
				CLANG_WARN_OBJC_IMPLICIT_RETAIN_SELF = YES;
				CLANG_WARN_OBJC_LITERAL_CONVERSION = YES;
				CLANG_WARN_OBJC_ROOT_CLASS = YES_ERROR;
				CLANG_WARN_QUOTED_INCLUDE_IN_FRAMEWORK_HEADER = YES;
				CLANG_WARN_RANGE_LOOP_ANALYSIS = YES;
				CLANG_WARN_STRICT_PROTOTYPES = YES;
				CLANG_WARN_SUSPICIOUS_MOVE = YES;
				CLANG_WARN_UNGUARDED_AVAILABILITY = YES_AGGRESSIVE;
				CLANG_WARN_UNREACHABLE_CODE = YES;
				CLANG_WARN__DUPLICATE_METHOD_MATCH = YES;
				COPY_PHASE_STRIP = NO;
				DEBUG_INFORMATION_FORMAT = "dwarf-with-dsym";
				ENABLE_NS_ASSERTIONS = NO;
				ENABLE_STRICT_OBJC_MSGSEND = YES;
				ENABLE_USER_SCRIPT_SANDBOXING = YES;
				GCC_C_LANGUAGE_STANDARD = gnu17;
				GCC_NO_COMMON_BLOCKS = YES;
				GCC_WARN_64_TO_32_BIT_CONVERSION = YES;
				GCC_WARN_ABOUT_RETURN_TYPE = YES_ERROR;
				GCC_WARN_UNDECLARED_SELECTOR = YES;
				GCC_WARN_UNINITIALIZED_AUTOS = YES_AGGRESSIVE;
				GCC_WARN_UNUSED_FUNCTION = YES;
				GCC_WARN_UNUSED_VARIABLE = YES;
				IPHONEOS_DEPLOYMENT_TARGET = 17.0;
				LOCALIZATION_PREFERS_STRING_CATALOGS = YES;
				MTL_ENABLE_DEBUG_INFO = NO;
				MTL_FAST_MATH = YES;
				SDKROOT = iphoneos;
				SWIFT_COMPILATION_MODE = wholemodule;
				VALIDATE_PRODUCT = YES;
			};
			name = Release;
		};
		2CCB15102A30CDF90001A512 /* Debug */ = {
			isa = XCBuildConfiguration;
			buildSettings = {
				ASSETCATALOG_COMPILER_APPICON_NAME = AppIcon;
				ASSETCATALOG_COMPILER_GLOBAL_ACCENT_COLOR_NAME = AccentColor;
				CODE_SIGN_STYLE = Automatic;
				CURRENT_PROJECT_VERSION = 1;
				DEVELOPMENT_ASSET_PATHS = "\"WWDC23/Preview Content\"";
				DEVELOPMENT_TEAM = VKGAQDGK5R;
				ENABLE_PREVIEWS = YES;
				GENERATE_INFOPLIST_FILE = YES;
				INFOPLIST_KEY_UIApplicationSceneManifest_Generation = YES;
				INFOPLIST_KEY_UIApplicationSupportsIndirectInputEvents = YES;
				INFOPLIST_KEY_UILaunchScreen_Generation = YES;
				INFOPLIST_KEY_UISupportedInterfaceOrientations_iPad = "UIInterfaceOrientationPortrait UIInterfaceOrientationPortraitUpsideDown UIInterfaceOrientationLandscapeLeft UIInterfaceOrientationLandscapeRight";
				INFOPLIST_KEY_UISupportedInterfaceOrientations_iPhone = "UIInterfaceOrientationPortrait UIInterfaceOrientationLandscapeLeft UIInterfaceOrientationLandscapeRight";
				LD_RUNPATH_SEARCH_PATHS = (
					"$(inherited)",
					"@executable_path/Frameworks",
				);
				MARKETING_VERSION = 1.0;
				PRODUCT_BUNDLE_IDENTIFIER = com.boni.WWDC23;
				PRODUCT_NAME = "$(TARGET_NAME)";
				SWIFT_EMIT_LOC_STRINGS = YES;
				SWIFT_VERSION = 5.0;
				TARGETED_DEVICE_FAMILY = "1,2";
			};
			name = Debug;
		};
		2CCB15112A30CDF90001A512 /* Release */ = {
			isa = XCBuildConfiguration;
			buildSettings = {
				ASSETCATALOG_COMPILER_APPICON_NAME = AppIcon;
				ASSETCATALOG_COMPILER_GLOBAL_ACCENT_COLOR_NAME = AccentColor;
				CODE_SIGN_STYLE = Automatic;
				CURRENT_PROJECT_VERSION = 1;
				DEVELOPMENT_ASSET_PATHS = "\"WWDC23/Preview Content\"";
				DEVELOPMENT_TEAM = VKGAQDGK5R;
				ENABLE_PREVIEWS = YES;
				GENERATE_INFOPLIST_FILE = YES;
				INFOPLIST_KEY_UIApplicationSceneManifest_Generation = YES;
				INFOPLIST_KEY_UIApplicationSupportsIndirectInputEvents = YES;
				INFOPLIST_KEY_UILaunchScreen_Generation = YES;
				INFOPLIST_KEY_UISupportedInterfaceOrientations_iPad = "UIInterfaceOrientationPortrait UIInterfaceOrientationPortraitUpsideDown UIInterfaceOrientationLandscapeLeft UIInterfaceOrientationLandscapeRight";
				INFOPLIST_KEY_UISupportedInterfaceOrientations_iPhone = "UIInterfaceOrientationPortrait UIInterfaceOrientationLandscapeLeft UIInterfaceOrientationLandscapeRight";
				LD_RUNPATH_SEARCH_PATHS = (
					"$(inherited)",
					"@executable_path/Frameworks",
				);
				MARKETING_VERSION = 1.0;
				PRODUCT_BUNDLE_IDENTIFIER = com.boni.WWDC23;
				PRODUCT_NAME = "$(TARGET_NAME)";
				SWIFT_EMIT_LOC_STRINGS = YES;
				SWIFT_VERSION = 5.0;
				TARGETED_DEVICE_FAMILY = "1,2";
			};
			name = Release;
		};
/* End XCBuildConfiguration section */

/* Begin XCConfigurationList section */
		2CCB14FC2A30CDF70001A512 /* Build configuration list for PBXProject "WWDC23" */ = {
			isa = XCConfigurationList;
			buildConfigurations = (
				2CCB150D2A30CDF90001A512 /* Debug */,
				2CCB150E2A30CDF90001A512 /* Release */,
			);
			defaultConfigurationIsVisible = 0;
			defaultConfigurationName = Release;
		};
		2CCB150F2A30CDF90001A512 /* Build configuration list for PBXNativeTarget "WWDC23" */ = {
			isa = XCConfigurationList;
			buildConfigurations = (
				2CCB15102A30CDF90001A512 /* Debug */,
				2CCB15112A30CDF90001A512 /* Release */,
			);
			defaultConfigurationIsVisible = 0;
			defaultConfigurationName = Release;
		};
/* End XCConfigurationList section */
	};
	rootObject = 2CCB14F92A30CDF70001A512 /* Project object */;
}
